
Microsoft Visual Studio Solution File, Format Version 12.00
# Visual Studio 2013
VisualStudioVersion = 12.0.31101.0
MinimumVisualStudioVersion = 10.0.40219.1
Project("{FAE04EC0-301F-11D3-BF4B-00C04F79EFBC}") = "NWT_projekat", "NWT_projekat\NWT_projekat.csproj", "{B3CCE1D3-90F2-44C6-B15C-9828D70F1555}"
EndProject
Project("{2150E333-8FDC-42A3-9474-1A3956D46DE8}") = ".nuget", ".nuget", "{4900987E-1360-4627-9462-AB60ED7082C7}"
	ProjectSection(SolutionItems) = preProject
		.nuget\NuGet.Config = .nuget\NuGet.Config
		.nuget\NuGet.exe = .nuget\NuGet.exe
		.nuget\NuGet.targets = .nuget\NuGet.targets
		.nuget\packages.config = .nuget\packages.config
	EndProjectSection
EndProject
Project("{FAE04EC0-301F-11D3-BF4B-00C04F79EFBC}") = "NWT.Pomocnici", "NWT.Pomocnici\NWT.Pomocnici.csproj", "{9B52AD6B-D27E-4C2D-89D9-5EFED92A122F}"
EndProject
Project("{2150E333-8FDC-42A3-9474-1A3956D46DE8}") = "Database", "Database", "{11B75156-B11A-48F3-AD4D-414AAC04AC26}"
	ProjectSection(SolutionItems) = preProject
		Database\populationScript.sql = Database\populationScript.sql
		Database\StoredProcedures.sql = Database\StoredProcedures.sql
		Database\tables.sql = Database\tables.sql
		Database\types.sql = Database\types.sql
	EndProjectSection
EndProject
Global
	GlobalSection(SolutionConfigurationPlatforms) = preSolution
		Debug|Any CPU = Debug|Any CPU
		Release|Any CPU = Release|Any CPU
	EndGlobalSection
	GlobalSection(ProjectConfigurationPlatforms) = postSolution
		{B3CCE1D3-90F2-44C6-B15C-9828D70F1555}.Debug|Any CPU.ActiveCfg = Debug|Any CPU
		{B3CCE1D3-90F2-44C6-B15C-9828D70F1555}.Debug|Any CPU.Build.0 = Debug|Any CPU
		{B3CCE1D3-90F2-44C6-B15C-9828D70F1555}.Release|Any CPU.ActiveCfg = Release|Any CPU
		{B3CCE1D3-90F2-44C6-B15C-9828D70F1555}.Release|Any CPU.Build.0 = Release|Any CPU
		{9B52AD6B-D27E-4C2D-89D9-5EFED92A122F}.Debug|Any CPU.ActiveCfg = Debug|Any CPU
		{9B52AD6B-D27E-4C2D-89D9-5EFED92A122F}.Debug|Any CPU.Build.0 = Debug|Any CPU
		{9B52AD6B-D27E-4C2D-89D9-5EFED92A122F}.Release|Any CPU.ActiveCfg = Release|Any CPU
		{9B52AD6B-D27E-4C2D-89D9-5EFED92A122F}.Release|Any CPU.Build.0 = Release|Any CPU
	EndGlobalSection
	GlobalSection(SolutionProperties) = preSolution
		HideSolutionNode = FALSE
	EndGlobalSection
EndGlobal
